
Microsoft Visual Studio Solution File, Format Version 12.00
# Visual Studio 15
VisualStudioVersion = 15.0.27703.2026
MinimumVisualStudioVersion = 10.0.40219.1
Project("{FAE04EC0-301F-11D3-BF4B-00C04F79EFBC}") = "Ch8-P3-InterfaceNameClash", "Ch8-P3-InterfaceNameClash\Ch8-P3-InterfaceNameClash.csproj", "{A839D772-B9DD-4A07-80B1-4433A252C20E}"
EndProject
Global
	GlobalSection(SolutionConfigurationPlatforms) = preSolution
		Debug|Any CPU = Debug|Any CPU
		Release|Any CPU = Release|Any CPU
	EndGlobalSection
	GlobalSection(ProjectConfigurationPlatforms) = postSolution
		{A839D772-B9DD-4A07-80B1-4433A252C20E}.Debug|Any CPU.ActiveCfg = Debug|Any CPU
		{A839D772-B9DD-4A07-80B1-4433A252C20E}.Debug|Any CPU.Build.0 = Debug|Any CPU
		{A839D772-B9DD-4A07-80B1-4433A252C20E}.Release|Any CPU.ActiveCfg = Release|Any CPU
		{A839D772-B9DD-4A07-80B1-4433A252C20E}.Release|Any CPU.Build.0 = Release|Any CPU
	EndGlobalSection
	GlobalSection(SolutionProperties) = preSolution
		HideSolutionNode = FALSE
	EndGlobalSection
	GlobalSection(ExtensibilityGlobals) = postSolution
		SolutionGuid = {C3FDE1BA-8E1B-4C59-97EA-11939508FC35}
	EndGlobalSection
EndGlobal
